
Microsoft Visual Studio Solution File, Format Version 12.00
# Visual Studio Version 17
VisualStudioVersion = 17.9.34728.123
MinimumVisualStudioVersion = 10.0.40219.1
Project("{FAE04EC0-301F-11D3-BF4B-00C04F79EFBC}") = "EntityAspProject", "EntityAspProject\EntityAspProject.csproj", "{8E608616-E987-42CA-8D8F-67522AEF7F03}"
EndProject
Global
	GlobalSection(SolutionConfigurationPlatforms) = preSolution
		Debug|Any CPU = Debug|Any CPU
		Release|Any CPU = Release|Any CPU
	EndGlobalSection
	GlobalSection(ProjectConfigurationPlatforms) = postSolution
		{8E608616-E987-42CA-8D8F-67522AEF7F03}.Debug|Any CPU.ActiveCfg = Debug|Any CPU
		{8E608616-E987-42CA-8D8F-67522AEF7F03}.Debug|Any CPU.Build.0 = Debug|Any CPU
		{8E608616-E987-42CA-8D8F-67522AEF7F03}.Release|Any CPU.ActiveCfg = Release|Any CPU
		{8E608616-E987-42CA-8D8F-67522AEF7F03}.Release|Any CPU.Build.0 = Release|Any CPU
	EndGlobalSection
	GlobalSection(SolutionProperties) = preSolution
		HideSolutionNode = FALSE
	EndGlobalSection
	GlobalSection(ExtensibilityGlobals) = postSolution
		SolutionGuid = {627C47D1-CEA9-4B4E-B605-4ED3B79F5D49}
	EndGlobalSection
EndGlobal
